
Microsoft Visual Studio Solution File, Format Version 12.00
# Visual Studio Version 17
VisualStudioVersion = 17.6.33815.320
MinimumVisualStudioVersion = 10.0.40219.1
Project("{FAE04EC0-301F-11D3-BF4B-00C04F79EFBC}") = "RestWithASPNET", "RestWithASPNET\RestWithASPNET.csproj", "{0E37C546-B16E-4BB1-91A8-EB5A8AD8ECA5}"
EndProject
Global
	GlobalSection(SolutionConfigurationPlatforms) = preSolution
		Debug|Any CPU = Debug|Any CPU
		Release|Any CPU = Release|Any CPU
	EndGlobalSection
	GlobalSection(ProjectConfigurationPlatforms) = postSolution
		{0E37C546-B16E-4BB1-91A8-EB5A8AD8ECA5}.Debug|Any CPU.ActiveCfg = Debug|Any CPU
		{0E37C546-B16E-4BB1-91A8-EB5A8AD8ECA5}.Debug|Any CPU.Build.0 = Debug|Any CPU
		{0E37C546-B16E-4BB1-91A8-EB5A8AD8ECA5}.Release|Any CPU.ActiveCfg = Release|Any CPU
		{0E37C546-B16E-4BB1-91A8-EB5A8AD8ECA5}.Release|Any CPU.Build.0 = Release|Any CPU
	EndGlobalSection
	GlobalSection(SolutionProperties) = preSolution
		HideSolutionNode = FALSE
	EndGlobalSection
	GlobalSection(ExtensibilityGlobals) = postSolution
		SolutionGuid = {2DCEA684-B149-4274-8F34-8E9B7176E153}
	EndGlobalSection
EndGlobal
